// !$*UTF8*$!
{
	archiveVersion = 1;
	classes = {
	};
	objectVersion = 48;
	objects = {

/* Begin PBXBuildFile section */
		81574932217EC8430011DC30 /* AppDelegate.swift in Sources */ = {isa = PBXBuildFile; fileRef = 81574931217EC8430011DC30 /* AppDelegate.swift */; };
		81574934217EC8430011DC30 /* ViewController.swift in Sources */ = {isa = PBXBuildFile; fileRef = 81574933217EC8430011DC30 /* ViewController.swift */; };
		81574937217EC8430011DC30 /* Main.storyboard in Resources */ = {isa = PBXBuildFile; fileRef = 81574935217EC8430011DC30 /* Main.storyboard */; };
		81574939217EC8430011DC30 /* Assets.xcassets in Resources */ = {isa = PBXBuildFile; fileRef = 81574938217EC8430011DC30 /* Assets.xcassets */; };
		8157493C217EC8430011DC30 /* LaunchScreen.storyboard in Resources */ = {isa = PBXBuildFile; fileRef = 8157493A217EC8430011DC30 /* LaunchScreen.storyboard */; };
		81574944217EC9140011DC30 /* DrawView.swift in Sources */ = {isa = PBXBuildFile; fileRef = 81574943217EC9140011DC30 /* DrawView.swift */; };
		81A63454218312AC00FC6CC5 /* DrawBrush.swift in Sources */ = {isa = PBXBuildFile; fileRef = 81A63453218312AC00FC6CC5 /* DrawBrush.swift */; };
/* End PBXBuildFile section */

/* Begin PBXFileReference section */
		8157492E217EC8430011DC30 /* draw2d.app */ = {isa = PBXFileReference; explicitFileType = wrapper.application; includeInIndex = 0; path = draw2d.app; sourceTree = BUILT_PRODUCTS_DIR; };
		81574931217EC8430011DC30 /* AppDelegate.swift */ = {isa = PBXFileReference; lastKnownFileType = sourcecode.swift; path = AppDelegate.swift; sourceTree = "<group>"; };
		81574933217EC8430011DC30 /* ViewController.swift */ = {isa = PBXFileReference; lastKnownFileType = sourcecode.swift; path = ViewController.swift; sourceTree = "<group>"; };
		81574936217EC8430011DC30 /* Base */ = {isa = PBXFileReference; lastKnownFileType = file.storyboard; name = Base; path = Base.lproj/Main.storyboard; sourceTree = "<group>"; };
		81574938217EC8430011DC30 /* Assets.xcassets */ = {isa = PBXFileReference; lastKnownFileType = folder.assetcatalog; path = Assets.xcassets; sourceTree = "<group>"; };
		8157493B217EC8430011DC30 /* Base */ = {isa = PBXFileReference; lastKnownFileType = file.storyboard; name = Base; path = Base.lproj/LaunchScreen.storyboard; sourceTree = "<group>"; };
		8157493D217EC8430011DC30 /* Info.plist */ = {isa = PBXFileReference; lastKnownFileType = text.plist.xml; path = Info.plist; sourceTree = "<group>"; };
		81574943217EC9140011DC30 /* DrawView.swift */ = {isa = PBXFileReference; lastKnownFileType = sourcecode.swift; path = DrawView.swift; sourceTree = "<group>"; };
		81A63453218312AC00FC6CC5 /* DrawBrush.swift */ = {isa = PBXFileReference; lastKnownFileType = sourcecode.swift; path = DrawBrush.swift; sourceTree = "<group>"; };
/* End PBXFileReference section */

/* Begin PBXFrameworksBuildPhase section */
		8157492B217EC8430011DC30 /* Frameworks */ = {
			isa = PBXFrameworksBuildPhase;
			buildActionMask = 2147483647;
			files = (
			);
			runOnlyForDeploymentPostprocessing = 0;
		};
/* End PBXFrameworksBuildPhase section */

/* Begin PBXGroup section */
		81574925217EC8430011DC30 = {
			isa = PBXGroup;
			children = (
				81574930217EC8430011DC30 /* draw2d */,
				8157492F217EC8430011DC30 /* Products */,
			);
			sourceTree = "<group>";
		};
		8157492F217EC8430011DC30 /* Products */ = {
			isa = PBXGroup;
			children = (
				8157492E217EC8430011DC30 /* draw2d.app */,
			);
			name = Products;
			sourceTree = "<group>";
		};
		81574930217EC8430011DC30 /* draw2d */ = {
			isa = PBXGroup;
			children = (
				81574931217EC8430011DC30 /* AppDelegate.swift */,
				81574933217EC8430011DC30 /* ViewController.swift */,
				81574935217EC8430011DC30 /* Main.storyboard */,
				81574938217EC8430011DC30 /* Assets.xcassets */,
				8157493A217EC8430011DC30 /* LaunchScreen.storyboard */,
				8157493D217EC8430011DC30 /* Info.plist */,
				81574943217EC9140011DC30 /* DrawView.swift */,
				81A63453218312AC00FC6CC5 /* DrawBrush.swift */,
			);
			path = draw2d;
			sourceTree = "<group>";
		};
/* End PBXGroup section */

/* Begin PBXNativeTarget section */
		8157492D217EC8430011DC30 /* draw2d */ = {
			isa = PBXNativeTarget;
			buildConfigurationList = 81574940217EC8430011DC30 /* Build configuration list for PBXNativeTarget "draw2d" */;
			buildPhases = (
				8157492A217EC8430011DC30 /* Sources */,
				8157492B217EC8430011DC30 /* Frameworks */,
				8157492C217EC8430011DC30 /* Resources */,
			);
			buildRules = (
			);
			dependencies = (
			);
			name = draw2d;
			productName = draw2d;
			productReference = 8157492E217EC8430011DC30 /* draw2d.app */;
			productType = "com.apple.product-type.application";
		};
/* End PBXNativeTarget section */

/* Begin PBXProject section */
		81574926217EC8430011DC30 /* Project object */ = {
			isa = PBXProject;
			attributes = {
				LastSwiftUpdateCheck = 0920;
				LastUpgradeCheck = 0920;
				ORGANIZATIONNAME = zw;
				TargetAttributes = {
					8157492D217EC8430011DC30 = {
						CreatedOnToolsVersion = 9.2;
						ProvisioningStyle = Automatic;
					};
				};
			};
			buildConfigurationList = 81574929217EC8430011DC30 /* Build configuration list for PBXProject "draw2d" */;
			compatibilityVersion = "Xcode 8.0";
			developmentRegion = en;
			hasScannedForEncodings = 0;
			knownRegions = (
				en,
				Base,
			);
			mainGroup = 81574925217EC8430011DC30;
			productRefGroup = 8157492F217EC8430011DC30 /* Products */;
			projectDirPath = "";
			projectRoot = "";
			targets = (
				8157492D217EC8430011DC30 /* draw2d */,
			);
		};
/* End PBXProject section */

/* Begin PBXResourcesBuildPhase section */
		8157492C217EC8430011DC30 /* Resources */ = {
			isa = PBXResourcesBuildPhase;
			buildActionMask = 2147483647;
			files = (
				8157493C217EC8430011DC30 /* LaunchScreen.storyboard in Resources */,
				81574939217EC8430011DC30 /* Assets.xcassets in Resources */,
				81574937217EC8430011DC30 /* Main.storyboard in Resources */,
			);
			runOnlyForDeploymentPostprocessing = 0;
		};
/* End PBXResourcesBuildPhase section */

/* Begin PBXSourcesBuildPhase section */
		8157492A217EC8430011DC30 /* Sources */ = {
			isa = PBXSourcesBuildPhase;
			buildActionMask = 2147483647;
			files = (
				81574934217EC8430011DC30 /* ViewController.swift in Sources */,
				81A63454218312AC00FC6CC5 /* DrawBrush.swift in Sources */,
				81574932217EC8430011DC30 /* AppDelegate.swift in Sources */,
				81574944217EC9140011DC30 /* DrawView.swift in Sources */,
			);
			runOnlyForDeploymentPostprocessing = 0;
		};
/* End PBXSourcesBuildPhase section */

/* Begin PBXVariantGroup section */
		81574935217EC8430011DC30 /* Main.storyboard */ = {
			isa = PBXVariantGroup;
			children = (
				81574936217EC8430011DC30 /* Base */,
			);
			name = Main.storyboard;
			sourceTree = "<group>";
		};
		8157493A217EC8430011DC30 /* LaunchScreen.storyboard */ = {
			isa = PBXVariantGroup;
			children = (
				8157493B217EC8430011DC30 /* Base */,
			);
			name = LaunchScreen.storyboard;
			sourceTree = "<group>";
		};
/* End PBXVariantGroup section */

/* Begin XCBuildConfiguration section */
		8157493E217EC8430011DC30 /* Debug */ = {
			isa = XCBuildConfiguration;
			buildSettings = {
				ALWAYS_SEARCH_USER_PATHS = NO;
				CLANG_ANALYZER_NONNULL = YES;
				CLANG_ANALYZER_NUMBER_OBJECT_CONVERSION = YES_AGGRESSIVE;
				CLANG_CXX_LANGUAGE_STANDARD = "gnu++14";
				CLANG_CXX_LIBRARY = "libc++";
				CLANG_ENABLE_MODULES = YES;
				CLANG_ENABLE_OBJC_ARC = YES;
				CLANG_WARN_BLOCK_CAPTURE_AUTORELEASING = YES;
				CLANG_WARN_BOOL_CONVERSION = YES;
				CLANG_WARN_COMMA = YES;
				CLANG_WARN_CONSTANT_CONVERSION = YES;
				CLANG_WARN_DIRECT_OBJC_ISA_USAGE = YES_ERROR;
				CLANG_WARN_DOCUMENTATION_COMMENTS = YES;
				CLANG_WARN_EMPTY_BODY = YES;
				CLANG_WARN_ENUM_CONVERSION = YES;
				CLANG_WARN_INFINITE_RECURSION = YES;
				CLANG_WARN_INT_CONVERSION = YES;
				CLANG_WARN_NON_LITERAL_NULL_CONVERSION = YES;
				CLANG_WARN_OBJC_LITERAL_CONVERSION = YES;
				CLANG_WARN_OBJC_ROOT_CLASS = YES_ERROR;
				CLANG_WARN_RANGE_LOOP_ANALYSIS = YES;
				CLANG_WARN_STRICT_PROTOTYPES = YES;
				CLANG_WARN_SUSPICIOUS_MOVE = YES;
				CLANG_WARN_UNGUARDED_AVAILABILITY = YES_AGGRESSIVE;
				CLANG_WARN_UNREACHABLE_CODE = YES;
				CLANG_WARN__DUPLICATE_METHOD_MATCH = YES;
				CODE_SIGN_IDENTITY = "iPhone Developer";
				COPY_PHASE_STRIP = NO;
				DEBUG_INFORMATION_FORMAT = dwarf;
				ENABLE_STRICT_OBJC_MSGSEND = YES;
				ENABLE_TESTABILITY = YES;
				GCC_C_LANGUAGE_STANDARD = gnu11;
				GCC_DYNAMIC_NO_PIC = NO;
				GCC_NO_COMMON_BLOCKS = YES;
				GCC_OPTIMIZATION_LEVEL = 0;
				GCC_PREPROCESSOR_DEFINITIONS = (
					"DEBUG=1",
					"$(inherited)",
				);
				GCC_WARN_64_TO_32_BIT_CONVERSION = YES;
				GCC_WARN_ABOUT_RETURN_TYPE = YES_ERROR;
				GCC_WARN_UNDECLARED_SELECTOR = YES;
				GCC_WARN_UNINITIALIZED_AUTOS = YES_AGGRESSIVE;
				GCC_WARN_UNUSED_FUNCTION = YES;
				GCC_WARN_UNUSED_VARIABLE = YES;
				IPHONEOS_DEPLOYMENT_TARGET = 11.2;
				MTL_ENABLE_DEBUG_INFO = YES;
				ONLY_ACTIVE_ARCH = YES;
				SDKROOT = iphoneos;
				SWIFT_ACTIVE_COMPILATION_CONDITIONS = DEBUG;
				SWIFT_OPTIMIZATION_LEVEL = "-Onone";
			};
			name = Debug;
		};
		8157493F217EC8430011DC30 /* Release */ = {
			isa = XCBuildConfiguration;
			buildSettings = {
				ALWAYS_SEARCH_USER_PATHS = NO;
				CLANG_ANALYZER_NONNULL = YES;
				CLANG_ANALYZER_NUMBER_OBJECT_CONVERSION = YES_AGGRESSIVE;
				CLANG_CXX_LANGUAGE_STANDARD = "gnu++14";
				CLANG_CXX_LIBRARY = "libc++";
				CLANG_ENABLE_MODULES = YES;
				CLANG_ENABLE_OBJC_ARC = YES;
				CLANG_WARN_BLOCK_CAPTURE_AUTORELEASING = YES;
				CLANG_WARN_BOOL_CONVERSION = YES;
				CLANG_WARN_COMMA = YES;
				CLANG_WARN_CONSTANT_CONVERSION = YES;
				CLANG_WARN_DIRECT_OBJC_ISA_USAGE = YES_ERROR;
				CLANG_WARN_DOCUMENTATION_COMMENTS = YES;
				CLANG_WARN_EMPTY_BODY = YES;
				CLANG_WARN_ENUM_CONVERSION = YES;
				CLANG_WARN_INFINITE_RECURSION = YES;
				CLANG_WARN_INT_CONVERSION = YES;
				CLANG_WARN_NON_LITERAL_NULL_CONVERSION = YES;
				CLANG_WARN_OBJC_LITERAL_CONVERSION = YES;
				CLANG_WARN_OBJC_ROOT_CLASS = YES_ERROR;
				CLANG_WARN_RANGE_LOOP_ANALYSIS = YES;
				CLANG_WARN_STRICT_PROTOTYPES = YES;
				CLANG_WARN_SUSPICIOUS_MOVE = YES;
				CLANG_WARN_UNGUARDED_AVAILABILITY = YES_AGGRESSIVE;
				CLANG_WARN_UNREACHABLE_CODE = YES;
				CLANG_WARN__DUPLICATE_METHOD_MATCH = YES;
				CODE_SIGN_IDENTITY = "iPhone Developer";
				COPY_PHASE_STRIP = NO;
				DEBUG_INFORMATION_FORMAT = "dwarf-with-dsym";
				ENABLE_NS_ASSERTIONS = NO;
				ENABLE_STRICT_OBJC_MSGSEND = YES;
				GCC_C_LANGUAGE_STANDARD = gnu11;
				GCC_NO_COMMON_BLOCKS = YES;
				GCC_WARN_64_TO_32_BIT_CONVERSION = YES;
				GCC_WARN_ABOUT_RETURN_TYPE = YES_ERROR;
				GCC_WARN_UNDECLARED_SELECTOR = YES;
				GCC_WARN_UNINITIALIZED_AUTOS = YES_AGGRESSIVE;
				GCC_WARN_UNUSED_FUNCTION = YES;
				GCC_WARN_UNUSED_VARIABLE = YES;
				IPHONEOS_DEPLOYMENT_TARGET = 11.2;
				MTL_ENABLE_DEBUG_INFO = NO;
				SDKROOT = iphoneos;
				SWIFT_OPTIMIZATION_LEVEL = "-Owholemodule";
				VALIDATE_PRODUCT = YES;
			};
			name = Release;
		};
		81574941217EC8430011DC30 /* Debug */ = {
			isa = XCBuildConfiguration;
			buildSettings = {
				ASSETCATALOG_COMPILER_APPICON_NAME = AppIcon;
				CODE_SIGN_STYLE = Automatic;
				DEVELOPMENT_TEAM = V3R5N5T335;
				INFOPLIST_FILE = draw2d/Info.plist;
				IPHONEOS_DEPLOYMENT_TARGET = 11.2;
				LD_RUNPATH_SEARCH_PATHS = "$(inherited) @executable_path/Frameworks";
				PRODUCT_BUNDLE_IDENTIFIER = zw.draw2d;
				PRODUCT_NAME = "$(TARGET_NAME)";
				SWIFT_VERSION = 4.0;
				TARGETED_DEVICE_FAMILY = "1,2";
			};
			name = Debug;
		};
		81574942217EC8430011DC30 /* Release */ = {
			isa = XCBuildConfiguration;
			buildSettings = {
				ASSETCATALOG_COMPILER_APPICON_NAME = AppIcon;
				CODE_SIGN_STYLE = Automatic;
				DEVELOPMENT_TEAM = V3R5N5T335;
				INFOPLIST_FILE = draw2d/Info.plist;
				IPHONEOS_DEPLOYMENT_TARGET = 11.2;
				LD_RUNPATH_SEARCH_PATHS = "$(inherited) @executable_path/Frameworks";
				PRODUCT_BUNDLE_IDENTIFIER = zw.draw2d;
				PRODUCT_NAME = "$(TARGET_NAME)";
				SWIFT_VERSION = 4.0;
				TARGETED_DEVICE_FAMILY = "1,2";
			};
			name = Release;
		};
/* End XCBuildConfiguration section */

/* Begin XCConfigurationList section */
		81574929217EC8430011DC30 /* Build configuration list for PBXProject "draw2d" */ = {
			isa = XCConfigurationList;
			buildConfigurations = (
				8157493E217EC8430011DC30 /* Debug */,
				8157493F217EC8430011DC30 /* Release */,
			);
			defaultConfigurationIsVisible = 0;
			defaultConfigurationName = Release;
		};
		81574940217EC8430011DC30 /* Build configuration list for PBXNativeTarget "draw2d" */ = {
			isa = XCConfigurationList;
			buildConfigurations = (
				81574941217EC8430011DC30 /* Debug */,
				81574942217EC8430011DC30 /* Release */,
			);
			defaultConfigurationIsVisible = 0;
			defaultConfigurationName = Release;
		};
/* End XCConfigurationList section */
	};
	rootObject = 81574926217EC8430011DC30 /* Project object */;
}
